{
  "version": 1,
  "dependencies": {
    ".NETStandard,Version=v2.0": {
      "Hangfire.Core": {
        "type": "Direct",
        "requested": "[1.7.28, )",
        "resolved": "1.7.28",
        "contentHash": "BwA7HIBTwc0Q8MlbTFOzQO5v8hbS6tT5II31vwlT0d8QlaoR5VxpomtcRXRjgg54UgXvAJMUwZ2zogUSkE7/6w==",
        "dependencies": {
          "Newtonsoft.Json": "11.0.1"
        }
      },
      "NETStandard.Library": {
        "type": "Direct",
        "requested": "[2.0.3, )",
        "resolved": "2.0.3",
        "contentHash": "st47PosZSHrjECdjeIzZQbzivYBJFv6P2nv4cj2ypdI204DO+vZ7l5raGMiX4eXMJ53RfOIg+/s4DHVZ54Nu2A==",
        "dependencies": {
          "Microsoft.NETCore.Platforms": "1.1.0"
        }
      },
      "RazorGenerator.MsBuild": {
        "type": "Direct",
        "requested": "[2.5.0, )",
        "resolved": "2.5.0",
        "contentHash": "yOu2KEjDFvE20b+YK/+Ovf4czUHWH2DlBB9lIKDXdBjcMh3PXrPJTxPzi468XrFvE1dVEiWu+pGNkVFE9+VpMA=="
      },
      "Microsoft.NETCore.Platforms": {
        "type": "Transitive",
        "resolved": "1.1.0",
        "contentHash": "kz0PEW2lhqygehI/d6XsPCQzD7ff7gUJaVGPVETX611eadGsA3A877GdSlU0LRVMCTH/+P3o2iDTak+S08V2+A=="
      },
      "Newtonsoft.Json": {
        "type": "Transitive",
        "resolved": "11.0.1",
        "contentHash": "pNN4l+J6LlpIvHOeNdXlwxv39NPJ2B5klz+Rd2UQZIx30Squ5oND1Yy3wEAUoKn0GPUj6Yxt9lxlYWQqfZcvKg=="
      }
    }
  }
}